// !$*UTF8*$!
{
	archiveVersion = 1;
	classes = {
	};
	objectVersion = 54;
	objects = {

/* Begin PBXBuildFile section */
		1607940027088E5B00572275 /* FirebaseAnalytics in Frameworks */ = {isa = PBXBuildFile; productRef = 160793FF27088E5B00572275 /* FirebaseAnalytics */; };
		160794022708908000572275 /* AnalyticsManager.swift in Sources */ = {isa = PBXBuildFile; fileRef = 160794012708908000572275 /* AnalyticsManager.swift */; };
		160BB57627395B3F0060BA7E /* MigrationManager.swift in Sources */ = {isa = PBXBuildFile; fileRef = 160BB57527395B3F0060BA7E /* MigrationManager.swift */; };
		160BB578273A78E10060BA7E /* NewsManager.swift in Sources */ = {isa = PBXBuildFile; fileRef = 160BB577273A78E10060BA7E /* NewsManager.swift */; };
		16239EA3287C3DC200B035D9 /* StateManager.swift in Sources */ = {isa = PBXBuildFile; fileRef = 16239EA2287C3DC200B035D9 /* StateManager.swift */; };
		167F7CA526F7C9F80074DCAA /* Utils.framework in Frameworks */ = {isa = PBXBuildFile; fileRef = 83DE23E92583F4410098337E /* Utils.framework */; };
		16875A0727F5E3AE00DBA53A /* Settings.swift in Sources */ = {isa = PBXBuildFile; fileRef = 16875A0627F5E3AE00DBA53A /* Settings.swift */; };
		16AB3B88280854D100169C8F /* RemindersManager.swift in Sources */ = {isa = PBXBuildFile; fileRef = 16AB3B87280854D100169C8F /* RemindersManager.swift */; };
		16AB3B92280D9FC900169C8F /* NotificationsManager.swift in Sources */ = {isa = PBXBuildFile; fileRef = 16AB3B91280D9FC900169C8F /* NotificationsManager.swift */; };
		16AB3B94280D9FD300169C8F /* LocalNotificationsManager.swift in Sources */ = {isa = PBXBuildFile; fileRef = 16AB3B93280D9FD300169C8F /* LocalNotificationsManager.swift */; };
		16AC776026710E210029B7CC /* UserDefaultsSettings.swift in Sources */ = {isa = PBXBuildFile; fileRef = 16AC775F26710E210029B7CC /* UserDefaultsSettings.swift */; };
		16AC776B26761E470029B7CC /* PromoManager.swift in Sources */ = {isa = PBXBuildFile; fileRef = 16AC776A26761E470029B7CC /* PromoManager.swift */; };
		16CF247827E2388400289E5D /* MetricsManager.swift in Sources */ = {isa = PBXBuildFile; fileRef = 16CF247727E2388400289E5D /* MetricsManager.swift */; };
		16EC2BB72782FBE400A96C5F /* LockManager.swift in Sources */ = {isa = PBXBuildFile; fileRef = 16EC2BB62782FBE400A96C5F /* LockManager.swift */; };
		833182C02589E63D00B2C9A2 /* EmotionEvent.swift in Sources */ = {isa = PBXBuildFile; fileRef = 833182BF2589E63D00B2C9A2 /* EmotionEvent.swift */; };
		833182C52589E6CA00B2C9A2 /* EmotionEventsProvider.swift in Sources */ = {isa = PBXBuildFile; fileRef = 833182C42589E6CA00B2C9A2 /* EmotionEventsProvider.swift */; };
		8378D063258E91E80024FC65 /* Storage.framework in Frameworks */ = {isa = PBXBuildFile; fileRef = 8378D062258E91E80024FC65 /* Storage.framework */; };
		83A51B222582C539005131D7 /* EmotionsGroup.swift in Sources */ = {isa = PBXBuildFile; fileRef = 83A51B202582C539005131D7 /* EmotionsGroup.swift */; };
		83A51B232582C539005131D7 /* EmotionsGroupsProvider.swift in Sources */ = {isa = PBXBuildFile; fileRef = 83A51B212582C539005131D7 /* EmotionsGroupsProvider.swift */; };
/* End PBXBuildFile section */

/* Begin PBXFileReference section */
		160794012708908000572275 /* AnalyticsManager.swift */ = {isa = PBXFileReference; lastKnownFileType = sourcecode.swift; path = AnalyticsManager.swift; sourceTree = "<group>"; };
		160BB57527395B3F0060BA7E /* MigrationManager.swift */ = {isa = PBXFileReference; lastKnownFileType = sourcecode.swift; path = MigrationManager.swift; sourceTree = "<group>"; };
		160BB577273A78E10060BA7E /* NewsManager.swift */ = {isa = PBXFileReference; lastKnownFileType = sourcecode.swift; path = NewsManager.swift; sourceTree = "<group>"; };
		16239EA2287C3DC200B035D9 /* StateManager.swift */ = {isa = PBXFileReference; lastKnownFileType = sourcecode.swift; path = StateManager.swift; sourceTree = "<group>"; };
		16875A0627F5E3AE00DBA53A /* Settings.swift */ = {isa = PBXFileReference; lastKnownFileType = sourcecode.swift; path = Settings.swift; sourceTree = "<group>"; };
		16AB3B87280854D100169C8F /* RemindersManager.swift */ = {isa = PBXFileReference; lastKnownFileType = sourcecode.swift; path = RemindersManager.swift; sourceTree = "<group>"; };
		16AB3B91280D9FC900169C8F /* NotificationsManager.swift */ = {isa = PBXFileReference; lastKnownFileType = sourcecode.swift; path = NotificationsManager.swift; sourceTree = "<group>"; };
		16AB3B93280D9FD300169C8F /* LocalNotificationsManager.swift */ = {isa = PBXFileReference; lastKnownFileType = sourcecode.swift; path = LocalNotificationsManager.swift; sourceTree = "<group>"; };
		16AC775F26710E210029B7CC /* UserDefaultsSettings.swift */ = {isa = PBXFileReference; lastKnownFileType = sourcecode.swift; path = UserDefaultsSettings.swift; sourceTree = "<group>"; };
		16AC776A26761E470029B7CC /* PromoManager.swift */ = {isa = PBXFileReference; lastKnownFileType = sourcecode.swift; path = PromoManager.swift; sourceTree = "<group>"; };
		16CF247727E2388400289E5D /* MetricsManager.swift */ = {isa = PBXFileReference; lastKnownFileType = sourcecode.swift; path = MetricsManager.swift; sourceTree = "<group>"; };
		16EC2BB62782FBE400A96C5F /* LockManager.swift */ = {isa = PBXFileReference; lastKnownFileType = sourcecode.swift; path = LockManager.swift; sourceTree = "<group>"; };
		833182BF2589E63D00B2C9A2 /* EmotionEvent.swift */ = {isa = PBXFileReference; lastKnownFileType = sourcecode.swift; path = EmotionEvent.swift; sourceTree = "<group>"; };
		833182C42589E6CA00B2C9A2 /* EmotionEventsProvider.swift */ = {isa = PBXFileReference; lastKnownFileType = sourcecode.swift; path = EmotionEventsProvider.swift; sourceTree = "<group>"; };
		8378D062258E91E80024FC65 /* Storage.framework */ = {isa = PBXFileReference; explicitFileType = wrapper.framework; path = Storage.framework; sourceTree = BUILT_PRODUCTS_DIR; };
		83A51B132582C51C005131D7 /* Model.framework */ = {isa = PBXFileReference; explicitFileType = wrapper.framework; includeInIndex = 0; path = Model.framework; sourceTree = BUILT_PRODUCTS_DIR; };
		83A51B172582C51C005131D7 /* Info.plist */ = {isa = PBXFileReference; lastKnownFileType = text.plist.xml; path = Info.plist; sourceTree = "<group>"; };
		83A51B202582C539005131D7 /* EmotionsGroup.swift */ = {isa = PBXFileReference; fileEncoding = 4; lastKnownFileType = sourcecode.swift; path = EmotionsGroup.swift; sourceTree = "<group>"; };
		83A51B212582C539005131D7 /* EmotionsGroupsProvider.swift */ = {isa = PBXFileReference; fileEncoding = 4; lastKnownFileType = sourcecode.swift; path = EmotionsGroupsProvider.swift; sourceTree = "<group>"; };
		83DE23E92583F4410098337E /* Utils.framework */ = {isa = PBXFileReference; explicitFileType = wrapper.framework; path = Utils.framework; sourceTree = BUILT_PRODUCTS_DIR; };
/* End PBXFileReference section */

/* Begin PBXFrameworksBuildPhase section */
		83A51B102582C51C005131D7 /* Frameworks */ = {
			isa = PBXFrameworksBuildPhase;
			buildActionMask = 2147483647;
			files = (
				167F7CA526F7C9F80074DCAA /* Utils.framework in Frameworks */,
				8378D063258E91E80024FC65 /* Storage.framework in Frameworks */,
				1607940027088E5B00572275 /* FirebaseAnalytics in Frameworks */,
			);
			runOnlyForDeploymentPostprocessing = 0;
		};
/* End PBXFrameworksBuildPhase section */

/* Begin PBXGroup section */
		16875A0327F5E35400DBA53A /* Managers */ = {
			isa = PBXGroup;
			children = (
				16AB3B90280D9FB900169C8F /* Notifications */,
				16AC776A26761E470029B7CC /* PromoManager.swift */,
				160794012708908000572275 /* AnalyticsManager.swift */,
				16CF247727E2388400289E5D /* MetricsManager.swift */,
				160BB57527395B3F0060BA7E /* MigrationManager.swift */,
				160BB577273A78E10060BA7E /* NewsManager.swift */,
				16EC2BB62782FBE400A96C5F /* LockManager.swift */,
				16AB3B87280854D100169C8F /* RemindersManager.swift */,
				16239EA2287C3DC200B035D9 /* StateManager.swift */,
			);
			path = Managers;
			sourceTree = "<group>";
		};
		16875A0427F5E36300DBA53A /* Providers */ = {
			isa = PBXGroup;
			children = (
				83A51B212582C539005131D7 /* EmotionsGroupsProvider.swift */,
				833182C42589E6CA00B2C9A2 /* EmotionEventsProvider.swift */,
			);
			path = Providers;
			sourceTree = "<group>";
		};
		16875A0527F5E36C00DBA53A /* Entities */ = {
			isa = PBXGroup;
			children = (
				83A51B202582C539005131D7 /* EmotionsGroup.swift */,
				833182BF2589E63D00B2C9A2 /* EmotionEvent.swift */,
			);
			path = Entities;
			sourceTree = "<group>";
		};
		16875A0827F5E3E800DBA53A /* Settings */ = {
			isa = PBXGroup;
			children = (
				16875A0627F5E3AE00DBA53A /* Settings.swift */,
				16AC775F26710E210029B7CC /* UserDefaultsSettings.swift */,
			);
			path = Settings;
			sourceTree = "<group>";
		};
		16AB3B90280D9FB900169C8F /* Notifications */ = {
			isa = PBXGroup;
			children = (
				16AB3B91280D9FC900169C8F /* NotificationsManager.swift */,
				16AB3B93280D9FD300169C8F /* LocalNotificationsManager.swift */,
			);
			path = Notifications;
			sourceTree = "<group>";
		};
		83A51B092582C51B005131D7 = {
			isa = PBXGroup;
			children = (
				83A51B152582C51C005131D7 /* Model */,
				83A51B142582C51C005131D7 /* Products */,
				83DE23E82583F4410098337E /* Frameworks */,
			);
			sourceTree = "<group>";
		};
		83A51B142582C51C005131D7 /* Products */ = {
			isa = PBXGroup;
			children = (
				83A51B132582C51C005131D7 /* Model.framework */,
			);
			name = Products;
			sourceTree = "<group>";
		};
		83A51B152582C51C005131D7 /* Model */ = {
			isa = PBXGroup;
			children = (
				16875A0527F5E36C00DBA53A /* Entities */,
				16875A0427F5E36300DBA53A /* Providers */,
				16875A0327F5E35400DBA53A /* Managers */,
				16875A0827F5E3E800DBA53A /* Settings */,
				83A51B172582C51C005131D7 /* Info.plist */,
			);
			path = Model;
			sourceTree = "<group>";
		};
		83DE23E82583F4410098337E /* Frameworks */ = {
			isa = PBXGroup;
			children = (
				8378D062258E91E80024FC65 /* Storage.framework */,
				83DE23E92583F4410098337E /* Utils.framework */,
			);
			name = Frameworks;
			sourceTree = "<group>";
		};
/* End PBXGroup section */

/* Begin PBXHeadersBuildPhase section */
		83A51B0E2582C51C005131D7 /* Headers */ = {
			isa = PBXHeadersBuildPhase;
			buildActionMask = 2147483647;
			files = (
			);
			runOnlyForDeploymentPostprocessing = 0;
		};
/* End PBXHeadersBuildPhase section */

/* Begin PBXNativeTarget section */
		83A51B122582C51C005131D7 /* Model */ = {
			isa = PBXNativeTarget;
			buildConfigurationList = 83A51B1B2582C51C005131D7 /* Build configuration list for PBXNativeTarget "Model" */;
			buildPhases = (
				83A51B0E2582C51C005131D7 /* Headers */,
				83A51B0F2582C51C005131D7 /* Sources */,
				83A51B102582C51C005131D7 /* Frameworks */,
				83A51B112582C51C005131D7 /* Resources */,
			);
			buildRules = (
			);
			dependencies = (
			);
			name = Model;
			packageProductDependencies = (
				160793FF27088E5B00572275 /* FirebaseAnalytics */,
			);
			productName = Model;
			productReference = 83A51B132582C51C005131D7 /* Model.framework */;
			productType = "com.apple.product-type.framework";
		};
/* End PBXNativeTarget section */

/* Begin PBXProject section */
		83A51B0A2582C51B005131D7 /* Project object */ = {
			isa = PBXProject;
			attributes = {
				BuildIndependentTargetsInParallel = YES;
				LastUpgradeCheck = 1430;
				TargetAttributes = {
					83A51B122582C51C005131D7 = {
						CreatedOnToolsVersion = 12.2;
					};
				};
			};
			buildConfigurationList = 83A51B0D2582C51B005131D7 /* Build configuration list for PBXProject "Model" */;
			compatibilityVersion = "Xcode 9.3";
			developmentRegion = en;
			hasScannedForEncodings = 0;
			knownRegions = (
				en,
				Base,
			);
			mainGroup = 83A51B092582C51B005131D7;
			packageReferences = (
				160793FE27088E5B00572275 /* XCRemoteSwiftPackageReference "firebase-ios-sdk" */,
			);
			productRefGroup = 83A51B142582C51C005131D7 /* Products */;
			projectDirPath = "";
			projectRoot = "";
			targets = (
				83A51B122582C51C005131D7 /* Model */,
			);
		};
/* End PBXProject section */

/* Begin PBXResourcesBuildPhase section */
		83A51B112582C51C005131D7 /* Resources */ = {
			isa = PBXResourcesBuildPhase;
			buildActionMask = 2147483647;
			files = (
			);
			runOnlyForDeploymentPostprocessing = 0;
		};
/* End PBXResourcesBuildPhase section */

/* Begin PBXSourcesBuildPhase section */
		83A51B0F2582C51C005131D7 /* Sources */ = {
			isa = PBXSourcesBuildPhase;
			buildActionMask = 2147483647;
			files = (
				833182C02589E63D00B2C9A2 /* EmotionEvent.swift in Sources */,
				16AB3B94280D9FD300169C8F /* LocalNotificationsManager.swift in Sources */,
				160BB578273A78E10060BA7E /* NewsManager.swift in Sources */,
				160794022708908000572275 /* AnalyticsManager.swift in Sources */,
				833182C52589E6CA00B2C9A2 /* EmotionEventsProvider.swift in Sources */,
				83A51B232582C539005131D7 /* EmotionsGroupsProvider.swift in Sources */,
				83A51B222582C539005131D7 /* EmotionsGroup.swift in Sources */,
				16875A0727F5E3AE00DBA53A /* Settings.swift in Sources */,
				16EC2BB72782FBE400A96C5F /* LockManager.swift in Sources */,
				16239EA3287C3DC200B035D9 /* StateManager.swift in Sources */,
				16AB3B92280D9FC900169C8F /* NotificationsManager.swift in Sources */,
				16CF247827E2388400289E5D /* MetricsManager.swift in Sources */,
				16AB3B88280854D100169C8F /* RemindersManager.swift in Sources */,
				16AC776026710E210029B7CC /* UserDefaultsSettings.swift in Sources */,
				160BB57627395B3F0060BA7E /* MigrationManager.swift in Sources */,
				16AC776B26761E470029B7CC /* PromoManager.swift in Sources */,
			);
			runOnlyForDeploymentPostprocessing = 0;
		};
/* End PBXSourcesBuildPhase section */

/* Begin XCBuildConfiguration section */
		83A51B192582C51C005131D7 /* Debug */ = {
			isa = XCBuildConfiguration;
			buildSettings = {
				ALWAYS_SEARCH_USER_PATHS = NO;
				CLANG_ANALYZER_NONNULL = YES;
				CLANG_ANALYZER_NUMBER_OBJECT_CONVERSION = YES_AGGRESSIVE;
				CLANG_CXX_LANGUAGE_STANDARD = "gnu++14";
				CLANG_CXX_LIBRARY = "libc++";
				CLANG_ENABLE_MODULES = YES;
				CLANG_ENABLE_OBJC_ARC = YES;
				CLANG_ENABLE_OBJC_WEAK = YES;
				CLANG_WARN_BLOCK_CAPTURE_AUTORELEASING = YES;
				CLANG_WARN_BOOL_CONVERSION = YES;
				CLANG_WARN_COMMA = YES;
				CLANG_WARN_CONSTANT_CONVERSION = YES;
				CLANG_WARN_DEPRECATED_OBJC_IMPLEMENTATIONS = YES;
				CLANG_WARN_DIRECT_OBJC_ISA_USAGE = YES_ERROR;
				CLANG_WARN_DOCUMENTATION_COMMENTS = YES;
				CLANG_WARN_EMPTY_BODY = YES;
				CLANG_WARN_ENUM_CONVERSION = YES;
				CLANG_WARN_INFINITE_RECURSION = YES;
				CLANG_WARN_INT_CONVERSION = YES;
				CLANG_WARN_NON_LITERAL_NULL_CONVERSION = YES;
				CLANG_WARN_OBJC_IMPLICIT_RETAIN_SELF = YES;
				CLANG_WARN_OBJC_LITERAL_CONVERSION = YES;
				CLANG_WARN_OBJC_ROOT_CLASS = YES_ERROR;
				CLANG_WARN_QUOTED_INCLUDE_IN_FRAMEWORK_HEADER = YES;
				CLANG_WARN_RANGE_LOOP_ANALYSIS = YES;
				CLANG_WARN_STRICT_PROTOTYPES = YES;
				CLANG_WARN_SUSPICIOUS_MOVE = YES;
				CLANG_WARN_UNGUARDED_AVAILABILITY = YES_AGGRESSIVE;
				CLANG_WARN_UNREACHABLE_CODE = YES;
				CLANG_WARN__DUPLICATE_METHOD_MATCH = YES;
				COPY_PHASE_STRIP = NO;
				CURRENT_PROJECT_VERSION = 1;
				DEBUG_INFORMATION_FORMAT = dwarf;
				ENABLE_STRICT_OBJC_MSGSEND = YES;
				ENABLE_TESTABILITY = YES;
				GCC_C_LANGUAGE_STANDARD = gnu11;
				GCC_DYNAMIC_NO_PIC = NO;
				GCC_NO_COMMON_BLOCKS = YES;
				GCC_OPTIMIZATION_LEVEL = 0;
				GCC_PREPROCESSOR_DEFINITIONS = (
					"DEBUG=1",
					"$(inherited)",
				);
				GCC_WARN_64_TO_32_BIT_CONVERSION = YES;
				GCC_WARN_ABOUT_RETURN_TYPE = YES_ERROR;
				GCC_WARN_UNDECLARED_SELECTOR = YES;
				GCC_WARN_UNINITIALIZED_AUTOS = YES_AGGRESSIVE;
				GCC_WARN_UNUSED_FUNCTION = YES;
				GCC_WARN_UNUSED_VARIABLE = YES;
				IPHONEOS_DEPLOYMENT_TARGET = 14.0;
				MTL_ENABLE_DEBUG_INFO = INCLUDE_SOURCE;
				MTL_FAST_MATH = YES;
				ONLY_ACTIVE_ARCH = YES;
				SDKROOT = iphoneos;
				SWIFT_ACTIVE_COMPILATION_CONDITIONS = DEBUG;
				SWIFT_OPTIMIZATION_LEVEL = "-Onone";
				VERSIONING_SYSTEM = "apple-generic";
				VERSION_INFO_PREFIX = "";
			};
			name = Debug;
		};
		83A51B1A2582C51C005131D7 /* Release */ = {
			isa = XCBuildConfiguration;
			buildSettings = {
				ALWAYS_SEARCH_USER_PATHS = NO;
				CLANG_ANALYZER_NONNULL = YES;
				CLANG_ANALYZER_NUMBER_OBJECT_CONVERSION = YES_AGGRESSIVE;
				CLANG_CXX_LANGUAGE_STANDARD = "gnu++14";
				CLANG_CXX_LIBRARY = "libc++";
				CLANG_ENABLE_MODULES = YES;
				CLANG_ENABLE_OBJC_ARC = YES;
				CLANG_ENABLE_OBJC_WEAK = YES;
				CLANG_WARN_BLOCK_CAPTURE_AUTORELEASING = YES;
				CLANG_WARN_BOOL_CONVERSION = YES;
				CLANG_WARN_COMMA = YES;
				CLANG_WARN_CONSTANT_CONVERSION = YES;
				CLANG_WARN_DEPRECATED_OBJC_IMPLEMENTATIONS = YES;
				CLANG_WARN_DIRECT_OBJC_ISA_USAGE = YES_ERROR;
				CLANG_WARN_DOCUMENTATION_COMMENTS = YES;
				CLANG_WARN_EMPTY_BODY = YES;
				CLANG_WARN_ENUM_CONVERSION = YES;
				CLANG_WARN_INFINITE_RECURSION = YES;
				CLANG_WARN_INT_CONVERSION = YES;
				CLANG_WARN_NON_LITERAL_NULL_CONVERSION = YES;
				CLANG_WARN_OBJC_IMPLICIT_RETAIN_SELF = YES;
				CLANG_WARN_OBJC_LITERAL_CONVERSION = YES;
				CLANG_WARN_OBJC_ROOT_CLASS = YES_ERROR;
				CLANG_WARN_QUOTED_INCLUDE_IN_FRAMEWORK_HEADER = YES;
				CLANG_WARN_RANGE_LOOP_ANALYSIS = YES;
				CLANG_WARN_STRICT_PROTOTYPES = YES;
				CLANG_WARN_SUSPICIOUS_MOVE = YES;
				CLANG_WARN_UNGUARDED_AVAILABILITY = YES_AGGRESSIVE;
				CLANG_WARN_UNREACHABLE_CODE = YES;
				CLANG_WARN__DUPLICATE_METHOD_MATCH = YES;
				COPY_PHASE_STRIP = NO;
				CURRENT_PROJECT_VERSION = 1;
				DEBUG_INFORMATION_FORMAT = "dwarf-with-dsym";
				ENABLE_NS_ASSERTIONS = NO;
				ENABLE_STRICT_OBJC_MSGSEND = YES;
				GCC_C_LANGUAGE_STANDARD = gnu11;
				GCC_NO_COMMON_BLOCKS = YES;
				GCC_WARN_64_TO_32_BIT_CONVERSION = YES;
				GCC_WARN_ABOUT_RETURN_TYPE = YES_ERROR;
				GCC_WARN_UNDECLARED_SELECTOR = YES;
				GCC_WARN_UNINITIALIZED_AUTOS = YES_AGGRESSIVE;
				GCC_WARN_UNUSED_FUNCTION = YES;
				GCC_WARN_UNUSED_VARIABLE = YES;
				IPHONEOS_DEPLOYMENT_TARGET = 14.0;
				MTL_ENABLE_DEBUG_INFO = NO;
				MTL_FAST_MATH = YES;
				SDKROOT = iphoneos;
				SWIFT_COMPILATION_MODE = wholemodule;
				SWIFT_OPTIMIZATION_LEVEL = "-O";
				VALIDATE_PRODUCT = YES;
				VERSIONING_SYSTEM = "apple-generic";
				VERSION_INFO_PREFIX = "";
			};
			name = Release;
		};
		83A51B1C2582C51C005131D7 /* Debug */ = {
			isa = XCBuildConfiguration;
			buildSettings = {
				APPLICATION_EXTENSION_API_ONLY = YES;
				CODE_SIGN_IDENTITY = "";
				CODE_SIGN_STYLE = Automatic;
				DEFINES_MODULE = YES;
				DEVELOPMENT_TEAM = 286U469VZ4;
				DYLIB_COMPATIBILITY_VERSION = 1;
				DYLIB_CURRENT_VERSION = 1;
				DYLIB_INSTALL_NAME_BASE = "@rpath";
				ENABLE_MODULE_VERIFIER = YES;
				INFOPLIST_FILE = Model/Info.plist;
				INSTALL_PATH = "$(LOCAL_LIBRARY_DIR)/Frameworks";
				LD_RUNPATH_SEARCH_PATHS = (
					"$(inherited)",
					"@executable_path/Frameworks",
					"@loader_path/Frameworks",
				);
				MODULE_VERIFIER_SUPPORTED_LANGUAGES = "objective-c objective-c++";
				MODULE_VERIFIER_SUPPORTED_LANGUAGE_STANDARDS = "gnu11 gnu++14";
				PRODUCT_BUNDLE_IDENTIFIER = by.vasili.siniak.Model;
				PRODUCT_NAME = "$(TARGET_NAME:c99extidentifier)";
				SKIP_INSTALL = YES;
				SWIFT_VERSION = 5.0;
				TARGETED_DEVICE_FAMILY = "1,2";
			};
			name = Debug;
		};
		83A51B1D2582C51C005131D7 /* Release */ = {
			isa = XCBuildConfiguration;
			buildSettings = {
				APPLICATION_EXTENSION_API_ONLY = YES;
				CODE_SIGN_IDENTITY = "";
				CODE_SIGN_STYLE = Automatic;
				DEFINES_MODULE = YES;
				DEVELOPMENT_TEAM = 286U469VZ4;
				DYLIB_COMPATIBILITY_VERSION = 1;
				DYLIB_CURRENT_VERSION = 1;
				DYLIB_INSTALL_NAME_BASE = "@rpath";
				ENABLE_MODULE_VERIFIER = YES;
				INFOPLIST_FILE = Model/Info.plist;
				INSTALL_PATH = "$(LOCAL_LIBRARY_DIR)/Frameworks";
				LD_RUNPATH_SEARCH_PATHS = (
					"$(inherited)",
					"@executable_path/Frameworks",
					"@loader_path/Frameworks",
				);
				MODULE_VERIFIER_SUPPORTED_LANGUAGES = "objective-c objective-c++";
				MODULE_VERIFIER_SUPPORTED_LANGUAGE_STANDARDS = "gnu11 gnu++14";
				PRODUCT_BUNDLE_IDENTIFIER = by.vasili.siniak.Model;
				PRODUCT_NAME = "$(TARGET_NAME:c99extidentifier)";
				SKIP_INSTALL = YES;
				SWIFT_VERSION = 5.0;
				TARGETED_DEVICE_FAMILY = "1,2";
			};
			name = Release;
		};
/* End XCBuildConfiguration section */

/* Begin XCConfigurationList section */
		83A51B0D2582C51B005131D7 /* Build configuration list for PBXProject "Model" */ = {
			isa = XCConfigurationList;
			buildConfigurations = (
				83A51B192582C51C005131D7 /* Debug */,
				83A51B1A2582C51C005131D7 /* Release */,
			);
			defaultConfigurationIsVisible = 0;
			defaultConfigurationName = Release;
		};
		83A51B1B2582C51C005131D7 /* Build configuration list for PBXNativeTarget "Model" */ = {
			isa = XCConfigurationList;
			buildConfigurations = (
				83A51B1C2582C51C005131D7 /* Debug */,
				83A51B1D2582C51C005131D7 /* Release */,
			);
			defaultConfigurationIsVisible = 0;
			defaultConfigurationName = Release;
		};
/* End XCConfigurationList section */

/* Begin XCRemoteSwiftPackageReference section */
		160793FE27088E5B00572275 /* XCRemoteSwiftPackageReference "firebase-ios-sdk" */ = {
			isa = XCRemoteSwiftPackageReference;
			repositoryURL = "https://github.com/firebase/firebase-ios-sdk.git";
			requirement = {
				kind = upToNextMajorVersion;
				minimumVersion = 10.0.0;
			};
		};
/* End XCRemoteSwiftPackageReference section */

/* Begin XCSwiftPackageProductDependency section */
		160793FF27088E5B00572275 /* FirebaseAnalytics */ = {
			isa = XCSwiftPackageProductDependency;
			package = 160793FE27088E5B00572275 /* XCRemoteSwiftPackageReference "firebase-ios-sdk" */;
			productName = FirebaseAnalytics;
		};
/* End XCSwiftPackageProductDependency section */
	};
	rootObject = 83A51B0A2582C51B005131D7 /* Project object */;
}
